
Microsoft Visual Studio Solution File, Format Version 12.00
# Visual Studio Version 17
VisualStudioVersion = 17.1.32228.430
MinimumVisualStudioVersion = 10.0.40219.1
Project("{FAE04EC0-301F-11D3-BF4B-00C04F79EFBC}") = "LendingLibrary", "LendingLibrary\LendingLibrary.csproj", "{6DBD61A1-9573-4174-9BAA-3B690DBAD2EE}"
EndProject
Global
	GlobalSection(SolutionConfigurationPlatforms) = preSolution
		Debug|Any CPU = Debug|Any CPU
		Release|Any CPU = Release|Any CPU
	EndGlobalSection
	GlobalSection(ProjectConfigurationPlatforms) = postSolution
		{6DBD61A1-9573-4174-9BAA-3B690DBAD2EE}.Debug|Any CPU.ActiveCfg = Debug|Any CPU
		{6DBD61A1-9573-4174-9BAA-3B690DBAD2EE}.Debug|Any CPU.Build.0 = Debug|Any CPU
		{6DBD61A1-9573-4174-9BAA-3B690DBAD2EE}.Release|Any CPU.ActiveCfg = Release|Any CPU
		{6DBD61A1-9573-4174-9BAA-3B690DBAD2EE}.Release|Any CPU.Build.0 = Release|Any CPU
	EndGlobalSection
	GlobalSection(SolutionProperties) = preSolution
		HideSolutionNode = FALSE
	EndGlobalSection
	GlobalSection(ExtensibilityGlobals) = postSolution
		SolutionGuid = {58D29F63-F6F9-41FC-9E1B-70739106908C}
	EndGlobalSection
EndGlobal
